Microsoft Visual Studio Solution File, Format Version 12.00
# Visual Studio 2012
Project("{FAE04EC0-301F-11D3-BF4B-00C04F79EFBC}") = "BearBakery", "BearBakery.csproj", "{A485C66C-6DB0-46D5-9A35-2B065EE3818A}"
EndProject
Global
	GlobalSection(SolutionConfigurationPlatforms) = preSolution
	Debug|Any CPU = Debug|Any CPU
	ExportDebug|Any CPU = ExportDebug|Any CPU
	ExportRelease|Any CPU = ExportRelease|Any CPU
	EndGlobalSection
	GlobalSection(ProjectConfigurationPlatforms) = postSolution
		{A485C66C-6DB0-46D5-9A35-2B065EE3818A}.Debug|Any CPU.ActiveCfg = Debug|Any CPU
		{A485C66C-6DB0-46D5-9A35-2B065EE3818A}.Debug|Any CPU.Build.0 = Debug|Any CPU
		{A485C66C-6DB0-46D5-9A35-2B065EE3818A}.ExportDebug|Any CPU.ActiveCfg = ExportDebug|Any CPU
		{A485C66C-6DB0-46D5-9A35-2B065EE3818A}.ExportDebug|Any CPU.Build.0 = ExportDebug|Any CPU
		{A485C66C-6DB0-46D5-9A35-2B065EE3818A}.ExportRelease|Any CPU.ActiveCfg = ExportRelease|Any CPU
		{A485C66C-6DB0-46D5-9A35-2B065EE3818A}.ExportRelease|Any CPU.Build.0 = ExportRelease|Any CPU
	EndGlobalSection
EndGlobal
